
Microsoft Visual Studio Solution File, Format Version 12.00
# Visual Studio Version 17
VisualStudioVersion = 17.14.35906.104 d17.14
MinimumVisualStudioVersion = 10.0.40219.1
Project("{2150E333-8FDC-42A3-9474-1A3956D46DE8}") = "src", "src", "{02EA681E-C7D8-13C7-8484-4AC65E1B71E8}"
EndProject
Project("{FAE04EC0-301F-11D3-BF4B-00C04F79EFBC}") = "csharp_mfca.API", "csharp_mfca.API\csharp_mfca.API.csproj", "{B7AA8500-28C4-40AD-93DB-97FDFE1C5109}"
EndProject
Global
	GlobalSection(SolutionConfigurationPlatforms) = preSolution
		Debug|Any CPU = Debug|Any CPU
		Release|Any CPU = Release|Any CPU
	EndGlobalSection
	GlobalSection(ProjectConfigurationPlatforms) = postSolution
		{B7AA8500-28C4-40AD-93DB-97FDFE1C5109}.Debug|Any CPU.ActiveCfg = Debug|Any CPU
		{B7AA8500-28C4-40AD-93DB-97FDFE1C5109}.Debug|Any CPU.Build.0 = Debug|Any CPU
		{B7AA8500-28C4-40AD-93DB-97FDFE1C5109}.Release|Any CPU.ActiveCfg = Release|Any CPU
		{B7AA8500-28C4-40AD-93DB-97FDFE1C5109}.Release|Any CPU.Build.0 = Release|Any CPU
	EndGlobalSection
	GlobalSection(SolutionProperties) = preSolution
		HideSolutionNode = FALSE
	EndGlobalSection
	GlobalSection(NestedProjects) = preSolution
		{B7AA8500-28C4-40AD-93DB-97FDFE1C5109} = {02EA681E-C7D8-13C7-8484-4AC65E1B71E8}
	EndGlobalSection
	GlobalSection(ExtensibilityGlobals) = postSolution
		SolutionGuid = {E207D53C-FE07-4654-B801-BD554B519B7F}
	EndGlobalSection
EndGlobal
